
Microsoft Visual Studio Solution File, Format Version 12.00
# Visual Studio Version 17
VisualStudioVersion = 17.7.34221.43
MinimumVisualStudioVersion = 10.0.40219.1
Project("{FAE04EC0-301F-11D3-BF4B-00C04F79EFBC}") = "PlayList", "PlayList.csproj", "{CBBD98F9-2F51-4048-BA61-2EDB6BBB586B}"
EndProject
Global
	GlobalSection(SolutionConfigurationPlatforms) = preSolution
		Debug|Any CPU = Debug|Any CPU
		Release|Any CPU = Release|Any CPU
	EndGlobalSection
	GlobalSection(ProjectConfigurationPlatforms) = postSolution
		{CBBD98F9-2F51-4048-BA61-2EDB6BBB586B}.Debug|Any CPU.ActiveCfg = Debug|Any CPU
		{CBBD98F9-2F51-4048-BA61-2EDB6BBB586B}.Debug|Any CPU.Build.0 = Debug|Any CPU
		{CBBD98F9-2F51-4048-BA61-2EDB6BBB586B}.Release|Any CPU.ActiveCfg = Release|Any CPU
		{CBBD98F9-2F51-4048-BA61-2EDB6BBB586B}.Release|Any CPU.Build.0 = Release|Any CPU
	EndGlobalSection
	GlobalSection(SolutionProperties) = preSolution
		HideSolutionNode = FALSE
	EndGlobalSection
	GlobalSection(ExtensibilityGlobals) = postSolution
		SolutionGuid = {B295F62B-9617-42BD-A582-CF0A4336816D}
	EndGlobalSection
EndGlobal
